
Microsoft Visual Studio Solution File, Format Version 12.00
# Visual Studio 14
VisualStudioVersion = 14.0.25420.1
MinimumVisualStudioVersion = 10.0.40219.1
Project("{2150E333-8FDC-42A3-9474-1A3956D46DE8}") = "Business", "Business", "{80C6E160-02DC-4EBC-873C-1E0FDA1B43DA}"
EndProject
Project("{2150E333-8FDC-42A3-9474-1A3956D46DE8}") = "Client", "Client", "{3B2FEF71-145B-45B0-9123-36785AE3978C}"
EndProject
Project("{2150E333-8FDC-42A3-9474-1A3956D46DE8}") = "Core", "Core", "{5ED67104-58CE-448E-A4C1-E17469954B23}"
EndProject
Project("{2150E333-8FDC-42A3-9474-1A3956D46DE8}") = "Data Access", "Data Access", "{6B674726-3B09-413F-AE16-2C7949E50482}"
EndProject
Project("{2150E333-8FDC-42A3-9474-1A3956D46DE8}") = "Host", "Host", "{18389F94-00E5-404F-A8CB-898CE0A9B13D}"
EndProject
Project("{FAE04EC0-301F-11D3-BF4B-00C04F79EFBC}") = "Business.Entities", "Business.Entities\Business.Entities.csproj", "{6D5B0D1A-3465-4D61-A891-6A75269E0871}"
EndProject
Project("{FAE04EC0-301F-11D3-BF4B-00C04F79EFBC}") = "Business.Services", "Business.Services\Business.Services.csproj", "{F7D3C629-C094-494B-BE7E-6F5CF0B998AD}"
EndProject
Project("{FAE04EC0-301F-11D3-BF4B-00C04F79EFBC}") = "Client.Entities", "Client.Services\Client.Entities.csproj", "{EC36A4D1-C30E-4B8A-9DD2-035953E97D6B}"
EndProject
Project("{FAE04EC0-301F-11D3-BF4B-00C04F79EFBC}") = "Client.Contracts", "Client.Contracts\Client.Contracts.csproj", "{6385B638-3E59-4DB0-BC04-1C3D6F1E7594}"
EndProject
Project("{FAE04EC0-301F-11D3-BF4B-00C04F79EFBC}") = "Client.Proxies", "Client.Proxies\Client.Proxies.csproj", "{AC81BC54-D362-48E9-905B-E5B42378A4DD}"
EndProject
Project("{FAE04EC0-301F-11D3-BF4B-00C04F79EFBC}") = "Core.Common", "Core.Common\Core.Common.csproj", "{0BAEFEAD-DE24-4340-93D5-BA28FE863BCF}"
EndProject
Project("{FAE04EC0-301F-11D3-BF4B-00C04F79EFBC}") = "Data.Core", "Data.Core\Data.Core.csproj", "{C2C20D67-1531-423D-89B1-7DDA76CD8A97}"
EndProject
Project("{FAE04EC0-301F-11D3-BF4B-00C04F79EFBC}") = "WCF.DependencyInjection.Web", "WCF.DependencyInjection.Web\WCF.DependencyInjection.Web.csproj", "{33E93366-24EB-4085-AB0C-AD07DD08D693}"
EndProject
Project("{FAE04EC0-301F-11D3-BF4B-00C04F79EFBC}") = "WCF.DependencyInjection.Launcher", "WCF.DependencyInjection.Run\WCF.DependencyInjection.Launcher.csproj", "{9F84CAEB-FB80-45A2-9ACB-7C64CF2EE577}"
	ProjectSection(ProjectDependencies) = postProject
		{33E93366-24EB-4085-AB0C-AD07DD08D693} = {33E93366-24EB-4085-AB0C-AD07DD08D693}
	EndProjectSection
EndProject
Project("{FAE04EC0-301F-11D3-BF4B-00C04F79EFBC}") = "Core.Utilities", "Core.Utilities\Core.Utilities.csproj", "{32F08D6E-50FC-460D-91F3-6D57465801B4}"
EndProject
Project("{2150E333-8FDC-42A3-9474-1A3956D46DE8}") = "Test", "Test", "{FD088DFD-EC77-44F2-8C0F-A77A08419A19}"
EndProject
Project("{FAE04EC0-301F-11D3-BF4B-00C04F79EFBC}") = "Test.Proxies", "Test.Proxies\Test.Proxies.csproj", "{816C067F-33EA-4155-943E-B1E61E6E8DB9}"
EndProject
Global
	GlobalSection(SolutionConfigurationPlatforms) = preSolution
		Debug|Any CPU = Debug|Any CPU
		Release|Any CPU = Release|Any CPU
	EndGlobalSection
	GlobalSection(ProjectConfigurationPlatforms) = postSolution
		{6D5B0D1A-3465-4D61-A891-6A75269E0871}.Debug|Any CPU.ActiveCfg = Debug|Any CPU
		{6D5B0D1A-3465-4D61-A891-6A75269E0871}.Debug|Any CPU.Build.0 = Debug|Any CPU
		{6D5B0D1A-3465-4D61-A891-6A75269E0871}.Release|Any CPU.ActiveCfg = Release|Any CPU
		{6D5B0D1A-3465-4D61-A891-6A75269E0871}.Release|Any CPU.Build.0 = Release|Any CPU
		{F7D3C629-C094-494B-BE7E-6F5CF0B998AD}.Debug|Any CPU.ActiveCfg = Debug|Any CPU
		{F7D3C629-C094-494B-BE7E-6F5CF0B998AD}.Debug|Any CPU.Build.0 = Debug|Any CPU
		{F7D3C629-C094-494B-BE7E-6F5CF0B998AD}.Release|Any CPU.ActiveCfg = Release|Any CPU
		{F7D3C629-C094-494B-BE7E-6F5CF0B998AD}.Release|Any CPU.Build.0 = Release|Any CPU
		{EC36A4D1-C30E-4B8A-9DD2-035953E97D6B}.Debug|Any CPU.ActiveCfg = Debug|Any CPU
		{EC36A4D1-C30E-4B8A-9DD2-035953E97D6B}.Debug|Any CPU.Build.0 = Debug|Any CPU
		{EC36A4D1-C30E-4B8A-9DD2-035953E97D6B}.Release|Any CPU.ActiveCfg = Release|Any CPU
		{EC36A4D1-C30E-4B8A-9DD2-035953E97D6B}.Release|Any CPU.Build.0 = Release|Any CPU
		{6385B638-3E59-4DB0-BC04-1C3D6F1E7594}.Debug|Any CPU.ActiveCfg = Debug|Any CPU
		{6385B638-3E59-4DB0-BC04-1C3D6F1E7594}.Debug|Any CPU.Build.0 = Debug|Any CPU
		{6385B638-3E59-4DB0-BC04-1C3D6F1E7594}.Release|Any CPU.ActiveCfg = Release|Any CPU
		{6385B638-3E59-4DB0-BC04-1C3D6F1E7594}.Release|Any CPU.Build.0 = Release|Any CPU
		{AC81BC54-D362-48E9-905B-E5B42378A4DD}.Debug|Any CPU.ActiveCfg = Debug|Any CPU
		{AC81BC54-D362-48E9-905B-E5B42378A4DD}.Debug|Any CPU.Build.0 = Debug|Any CPU
		{AC81BC54-D362-48E9-905B-E5B42378A4DD}.Release|Any CPU.ActiveCfg = Release|Any CPU
		{AC81BC54-D362-48E9-905B-E5B42378A4DD}.Release|Any CPU.Build.0 = Release|Any CPU
		{0BAEFEAD-DE24-4340-93D5-BA28FE863BCF}.Debug|Any CPU.ActiveCfg = Debug|Any CPU
		{0BAEFEAD-DE24-4340-93D5-BA28FE863BCF}.Debug|Any CPU.Build.0 = Debug|Any CPU
		{0BAEFEAD-DE24-4340-93D5-BA28FE863BCF}.Release|Any CPU.ActiveCfg = Release|Any CPU
		{0BAEFEAD-DE24-4340-93D5-BA28FE863BCF}.Release|Any CPU.Build.0 = Release|Any CPU
		{C2C20D67-1531-423D-89B1-7DDA76CD8A97}.Debug|Any CPU.ActiveCfg = Debug|Any CPU
		{C2C20D67-1531-423D-89B1-7DDA76CD8A97}.Debug|Any CPU.Build.0 = Debug|Any CPU
		{C2C20D67-1531-423D-89B1-7DDA76CD8A97}.Release|Any CPU.ActiveCfg = Release|Any CPU
		{C2C20D67-1531-423D-89B1-7DDA76CD8A97}.Release|Any CPU.Build.0 = Release|Any CPU
		{33E93366-24EB-4085-AB0C-AD07DD08D693}.Debug|Any CPU.ActiveCfg = Debug|Any CPU
		{33E93366-24EB-4085-AB0C-AD07DD08D693}.Debug|Any CPU.Build.0 = Debug|Any CPU
		{33E93366-24EB-4085-AB0C-AD07DD08D693}.Release|Any CPU.ActiveCfg = Release|Any CPU
		{33E93366-24EB-4085-AB0C-AD07DD08D693}.Release|Any CPU.Build.0 = Release|Any CPU
		{9F84CAEB-FB80-45A2-9ACB-7C64CF2EE577}.Debug|Any CPU.ActiveCfg = Debug|Any CPU
		{9F84CAEB-FB80-45A2-9ACB-7C64CF2EE577}.Debug|Any CPU.Build.0 = Debug|Any CPU
		{9F84CAEB-FB80-45A2-9ACB-7C64CF2EE577}.Release|Any CPU.ActiveCfg = Release|Any CPU
		{9F84CAEB-FB80-45A2-9ACB-7C64CF2EE577}.Release|Any CPU.Build.0 = Release|Any CPU
		{32F08D6E-50FC-460D-91F3-6D57465801B4}.Debug|Any CPU.ActiveCfg = Debug|Any CPU
		{32F08D6E-50FC-460D-91F3-6D57465801B4}.Debug|Any CPU.Build.0 = Debug|Any CPU
		{32F08D6E-50FC-460D-91F3-6D57465801B4}.Release|Any CPU.ActiveCfg = Release|Any CPU
		{32F08D6E-50FC-460D-91F3-6D57465801B4}.Release|Any CPU.Build.0 = Release|Any CPU
		{816C067F-33EA-4155-943E-B1E61E6E8DB9}.Debug|Any CPU.ActiveCfg = Debug|Any CPU
		{816C067F-33EA-4155-943E-B1E61E6E8DB9}.Debug|Any CPU.Build.0 = Debug|Any CPU
		{816C067F-33EA-4155-943E-B1E61E6E8DB9}.Release|Any CPU.ActiveCfg = Release|Any CPU
		{816C067F-33EA-4155-943E-B1E61E6E8DB9}.Release|Any CPU.Build.0 = Release|Any CPU
	EndGlobalSection
	GlobalSection(SolutionProperties) = preSolution
		HideSolutionNode = FALSE
	EndGlobalSection
	GlobalSection(NestedProjects) = preSolution
		{6D5B0D1A-3465-4D61-A891-6A75269E0871} = {80C6E160-02DC-4EBC-873C-1E0FDA1B43DA}
		{F7D3C629-C094-494B-BE7E-6F5CF0B998AD} = {80C6E160-02DC-4EBC-873C-1E0FDA1B43DA}
		{EC36A4D1-C30E-4B8A-9DD2-035953E97D6B} = {3B2FEF71-145B-45B0-9123-36785AE3978C}
		{6385B638-3E59-4DB0-BC04-1C3D6F1E7594} = {3B2FEF71-145B-45B0-9123-36785AE3978C}
		{AC81BC54-D362-48E9-905B-E5B42378A4DD} = {3B2FEF71-145B-45B0-9123-36785AE3978C}
		{0BAEFEAD-DE24-4340-93D5-BA28FE863BCF} = {5ED67104-58CE-448E-A4C1-E17469954B23}
		{C2C20D67-1531-423D-89B1-7DDA76CD8A97} = {6B674726-3B09-413F-AE16-2C7949E50482}
		{33E93366-24EB-4085-AB0C-AD07DD08D693} = {18389F94-00E5-404F-A8CB-898CE0A9B13D}
		{9F84CAEB-FB80-45A2-9ACB-7C64CF2EE577} = {18389F94-00E5-404F-A8CB-898CE0A9B13D}
		{32F08D6E-50FC-460D-91F3-6D57465801B4} = {5ED67104-58CE-448E-A4C1-E17469954B23}
		{816C067F-33EA-4155-943E-B1E61E6E8DB9} = {FD088DFD-EC77-44F2-8C0F-A77A08419A19}
	EndGlobalSection
EndGlobal
